// !$*UTF8*$!
{
	archiveVersion = 1;
	classes = {
	};
	objectVersion = 46;
	objects = {

/* Begin PBXBuildFile section */
		62100B10171523C90091046D /* TAAddressBookManager.m in Sources */ = {isa = PBXBuildFile; fileRef = 62100B0F171523C90091046D /* TAAddressBookManager.m */; };
		62100B191715249E0091046D /* TAAddressBookVo.m in Sources */ = {isa = PBXBuildFile; fileRef = 62100B181715249E0091046D /* TAAddressBookVo.m */; };
		62100B1E1715301F0091046D /* NSString+TAUtilities.m in Sources */ = {isa = PBXBuildFile; fileRef = 62100B1D1715301F0091046D /* NSString+TAUtilities.m */; };
		62100B22171551AF0091046D /* TAUtil.m in Sources */ = {isa = PBXBuildFile; fileRef = 62100B21171551AF0091046D /* TAUtil.m */; };
		6213609617144F7F00F5E476 /* TAHomeViewController.m in Sources */ = {isa = PBXBuildFile; fileRef = 6213609417144F7F00F5E476 /* TAHomeViewController.m */; };
		6213609F1714565C00F5E476 /* TATrueViewController.m in Sources */ = {isa = PBXBuildFile; fileRef = 6213609D1714565C00F5E476 /* TATrueViewController.m */; };
		621360A01714565C00F5E476 /* TATrueViewController.xib in Resources */ = {isa = PBXBuildFile; fileRef = 6213609E1714565C00F5E476 /* TATrueViewController.xib */; };
		621360A41714566B00F5E476 /* TAAdventureViewController.m in Sources */ = {isa = PBXBuildFile; fileRef = 621360A21714566B00F5E476 /* TAAdventureViewController.m */; };
		621360A51714566B00F5E476 /* TAAdventureViewController.xib in Resources */ = {isa = PBXBuildFile; fileRef = 621360A31714566B00F5E476 /* TAAdventureViewController.xib */; };
		621360B31714618600F5E476 /* AddressBook.framework in Frameworks */ = {isa = PBXBuildFile; fileRef = 621360B21714618600F5E476 /* AddressBook.framework */; };
		621360B61714618D00F5E476 /* AddressBookUI.framework in Frameworks */ = {isa = PBXBuildFile; fileRef = 621360B51714618D00F5E476 /* AddressBookUI.framework */; };
		6288C3FF1713D18200B5C243 /* UIKit.framework in Frameworks */ = {isa = PBXBuildFile; fileRef = 6288C3FE1713D18200B5C243 /* UIKit.framework */; };
		6288C4011713D18200B5C243 /* Foundation.framework in Frameworks */ = {isa = PBXBuildFile; fileRef = 6288C4001713D18200B5C243 /* Foundation.framework */; };
		6288C4031713D18200B5C243 /* CoreGraphics.framework in Frameworks */ = {isa = PBXBuildFile; fileRef = 6288C4021713D18200B5C243 /* CoreGraphics.framework */; };
		6288C4091713D18200B5C243 /* InfoPlist.strings in Resources */ = {isa = PBXBuildFile; fileRef = 6288C4071713D18200B5C243 /* InfoPlist.strings */; };
		6288C40B1713D18200B5C243 /* main.m in Sources */ = {isa = PBXBuildFile; fileRef = 6288C40A1713D18200B5C243 /* main.m */; };
		6288C40F1713D18200B5C243 /* TAAppDelegate.m in Sources */ = {isa = PBXBuildFile; fileRef = 6288C40E1713D18200B5C243 /* TAAppDelegate.m */; };
		6288C4111713D18200B5C243 /* Default.png in Resources */ = {isa = PBXBuildFile; fileRef = 6288C4101713D18200B5C243 /* Default.png */; };
		6288C4131713D18200B5C243 /* Default@2x.png in Resources */ = {isa = PBXBuildFile; fileRef = 6288C4121713D18200B5C243 /* Default@2x.png */; };
		6288C4151713D18200B5C243 /* Default-568h@2x.png in Resources */ = {isa = PBXBuildFile; fileRef = 6288C4141713D18200B5C243 /* Default-568h@2x.png */; };
		6288C4181713D18200B5C243 /* TAViewController.m in Sources */ = {isa = PBXBuildFile; fileRef = 6288C4171713D18200B5C243 /* TAViewController.m */; };
		6288C41B1713D18200B5C243 /* TAViewController.xib in Resources */ = {isa = PBXBuildFile; fileRef = 6288C4191713D18200B5C243 /* TAViewController.xib */; };
/* End PBXBuildFile section */

/* Begin PBXFileReference section */
		62100B0E171523C90091046D /* TAAddressBookManager.h */ = {isa = PBXFileReference; fileEncoding = 4; lastKnownFileType = sourcecode.c.h; path = TAAddressBookManager.h; sourceTree = "<group>"; };
		62100B0F171523C90091046D /* TAAddressBookManager.m */ = {isa = PBXFileReference; fileEncoding = 4; lastKnownFileType = sourcecode.c.objc; path = TAAddressBookManager.m; sourceTree = "<group>"; };
		62100B171715249E0091046D /* TAAddressBookVo.h */ = {isa = PBXFileReference; fileEncoding = 4; lastKnownFileType = sourcecode.c.h; path = TAAddressBookVo.h; sourceTree = "<group>"; };
		62100B181715249E0091046D /* TAAddressBookVo.m */ = {isa = PBXFileReference; fileEncoding = 4; lastKnownFileType = sourcecode.c.objc; path = TAAddressBookVo.m; sourceTree = "<group>"; };
		62100B1C1715301F0091046D /* NSString+TAUtilities.h */ = {isa = PBXFileReference; fileEncoding = 4; lastKnownFileType = sourcecode.c.h; path = "NSString+TAUtilities.h"; sourceTree = "<group>"; };
		62100B1D1715301F0091046D /* NSString+TAUtilities.m */ = {isa = PBXFileReference; fileEncoding = 4; lastKnownFileType = sourcecode.c.objc; path = "NSString+TAUtilities.m"; sourceTree = "<group>"; };
		62100B20171551AF0091046D /* TAUtil.h */ = {isa = PBXFileReference; fileEncoding = 4; lastKnownFileType = sourcecode.c.h; path = TAUtil.h; sourceTree = "<group>"; };
		62100B21171551AF0091046D /* TAUtil.m */ = {isa = PBXFileReference; fileEncoding = 4; lastKnownFileType = sourcecode.c.objc; path = TAUtil.m; sourceTree = "<group>"; };
		6213609317144F7F00F5E476 /* TAHomeViewController.h */ = {isa = PBXFileReference; fileEncoding = 4; lastKnownFileType = sourcecode.c.h; path = TAHomeViewController.h; sourceTree = "<group>"; };
		6213609417144F7F00F5E476 /* TAHomeViewController.m */ = {isa = PBXFileReference; fileEncoding = 4; lastKnownFileType = sourcecode.c.objc; path = TAHomeViewController.m; sourceTree = "<group>"; };
		6213609C1714565C00F5E476 /* TATrueViewController.h */ = {isa = PBXFileReference; fileEncoding = 4; lastKnownFileType = sourcecode.c.h; path = TATrueViewController.h; sourceTree = "<group>"; };
		6213609D1714565C00F5E476 /* TATrueViewController.m */ = {isa = PBXFileReference; fileEncoding = 4; lastKnownFileType = sourcecode.c.objc; path = TATrueViewController.m; sourceTree = "<group>"; };
		6213609E1714565C00F5E476 /* TATrueViewController.xib */ = {isa = PBXFileReference; fileEncoding = 4; lastKnownFileType = file.xib; path = TATrueViewController.xib; sourceTree = "<group>"; };
		621360A11714566B00F5E476 /* TAAdventureViewController.h */ = {isa = PBXFileReference; fileEncoding = 4; lastKnownFileType = sourcecode.c.h; path = TAAdventureViewController.h; sourceTree = "<group>"; };
		621360A21714566B00F5E476 /* TAAdventureViewController.m */ = {isa = PBXFileReference; fileEncoding = 4; lastKnownFileType = sourcecode.c.objc; path = TAAdventureViewController.m; sourceTree = "<group>"; };
		621360A31714566B00F5E476 /* TAAdventureViewController.xib */ = {isa = PBXFileReference; fileEncoding = 4; lastKnownFileType = file.xib; path = TAAdventureViewController.xib; sourceTree = "<group>"; };
		621360B21714618600F5E476 /* AddressBook.framework */ = {isa = PBXFileReference; lastKnownFileType = wrapper.framework; name = AddressBook.framework; path = System/Library/Frameworks/AddressBook.framework; sourceTree = SDKROOT; };
		621360B51714618D00F5E476 /* AddressBookUI.framework */ = {isa = PBXFileReference; lastKnownFileType = wrapper.framework; name = AddressBookUI.framework; path = System/Library/Frameworks/AddressBookUI.framework; sourceTree = SDKROOT; };
		6288C3FA1713D18100B5C243 /* True-adventure.app */ = {isa = PBXFileReference; explicitFileType = wrapper.application; includeInIndex = 0; path = "True-adventure.app"; sourceTree = BUILT_PRODUCTS_DIR; };
		6288C3FE1713D18200B5C243 /* UIKit.framework */ = {isa = PBXFileReference; lastKnownFileType = wrapper.framework; name = UIKit.framework; path = System/Library/Frameworks/UIKit.framework; sourceTree = SDKROOT; };
		6288C4001713D18200B5C243 /* Foundation.framework */ = {isa = PBXFileReference; lastKnownFileType = wrapper.framework; name = Foundation.framework; path = System/Library/Frameworks/Foundation.framework; sourceTree = SDKROOT; };
		6288C4021713D18200B5C243 /* CoreGraphics.framework */ = {isa = PBXFileReference; lastKnownFileType = wrapper.framework; name = CoreGraphics.framework; path = System/Library/Frameworks/CoreGraphics.framework; sourceTree = SDKROOT; };
		6288C4061713D18200B5C243 /* True-adventure-Info.plist */ = {isa = PBXFileReference; lastKnownFileType = text.plist.xml; path = "True-adventure-Info.plist"; sourceTree = "<group>"; };
		6288C4081713D18200B5C243 /* en */ = {isa = PBXFileReference; lastKnownFileType = text.plist.strings; name = en; path = en.lproj/InfoPlist.strings; sourceTree = "<group>"; };
		6288C40A1713D18200B5C243 /* main.m */ = {isa = PBXFileReference; lastKnownFileType = sourcecode.c.objc; path = main.m; sourceTree = "<group>"; };
		6288C40C1713D18200B5C243 /* True-adventure-Prefix.pch */ = {isa = PBXFileReference; lastKnownFileType = sourcecode.c.h; path = "True-adventure-Prefix.pch"; sourceTree = "<group>"; };
		6288C40D1713D18200B5C243 /* TAAppDelegate.h */ = {isa = PBXFileReference; lastKnownFileType = sourcecode.c.h; path = TAAppDelegate.h; sourceTree = "<group>"; };
		6288C40E1713D18200B5C243 /* TAAppDelegate.m */ = {isa = PBXFileReference; lastKnownFileType = sourcecode.c.objc; path = TAAppDelegate.m; sourceTree = "<group>"; };
		6288C4101713D18200B5C243 /* Default.png */ = {isa = PBXFileReference; lastKnownFileType = image.png; path = Default.png; sourceTree = "<group>"; };
		6288C4121713D18200B5C243 /* Default@2x.png */ = {isa = PBXFileReference; lastKnownFileType = image.png; path = "Default@2x.png"; sourceTree = "<group>"; };
		6288C4141713D18200B5C243 /* Default-568h@2x.png */ = {isa = PBXFileReference; lastKnownFileType = image.png; path = "Default-568h@2x.png"; sourceTree = "<group>"; };
		6288C4161713D18200B5C243 /* TAViewController.h */ = {isa = PBXFileReference; lastKnownFileType = sourcecode.c.h; path = TAViewController.h; sourceTree = "<group>"; };
		6288C4171713D18200B5C243 /* TAViewController.m */ = {isa = PBXFileReference; lastKnownFileType = sourcecode.c.objc; path = TAViewController.m; sourceTree = "<group>"; };
		6288C41A1713D18200B5C243 /* en */ = {isa = PBXFileReference; lastKnownFileType = file.xib; name = en; path = en.lproj/TAViewController.xib; sourceTree = "<group>"; };
/* End PBXFileReference section */

/* Begin PBXFrameworksBuildPhase section */
		6288C3F71713D18100B5C243 /* Frameworks */ = {
			isa = PBXFrameworksBuildPhase;
			buildActionMask = 2147483647;
			files = (
				621360B61714618D00F5E476 /* AddressBookUI.framework in Frameworks */,
				621360B31714618600F5E476 /* AddressBook.framework in Frameworks */,
				6288C3FF1713D18200B5C243 /* UIKit.framework in Frameworks */,
				6288C4011713D18200B5C243 /* Foundation.framework in Frameworks */,
				6288C4031713D18200B5C243 /* CoreGraphics.framework in Frameworks */,
			);
			runOnlyForDeploymentPostprocessing = 0;
		};
/* End PBXFrameworksBuildPhase section */

/* Begin PBXGroup section */
		62100B16171524640091046D /* models */ = {
			isa = PBXGroup;
			children = (
				62100B171715249E0091046D /* TAAddressBookVo.h */,
				62100B181715249E0091046D /* TAAddressBookVo.m */,
			);
			name = models;
			sourceTree = "<group>";
		};
		62100B1A17152F9F0091046D /* expands */ = {
			isa = PBXGroup;
			children = (
				62100B1C1715301F0091046D /* NSString+TAUtilities.h */,
				62100B1D1715301F0091046D /* NSString+TAUtilities.m */,
			);
			name = expands;
			sourceTree = "<group>";
		};
		62100B1F171551990091046D /* util */ = {
			isa = PBXGroup;
			children = (
				62100B20171551AF0091046D /* TAUtil.h */,
				62100B21171551AF0091046D /* TAUtil.m */,
			);
			name = util;
			sourceTree = "<group>";
		};
		6213609117144F6300F5E476 /* ui */ = {
			isa = PBXGroup;
			children = (
				6213609317144F7F00F5E476 /* TAHomeViewController.h */,
				6213609417144F7F00F5E476 /* TAHomeViewController.m */,
				6213609C1714565C00F5E476 /* TATrueViewController.h */,
				6213609D1714565C00F5E476 /* TATrueViewController.m */,
				6213609E1714565C00F5E476 /* TATrueViewController.xib */,
				621360A11714566B00F5E476 /* TAAdventureViewController.h */,
				621360A21714566B00F5E476 /* TAAdventureViewController.m */,
				621360A31714566B00F5E476 /* TAAdventureViewController.xib */,
			);
			name = ui;
			sourceTree = "<group>";
		};
		621360B7171461A300F5E476 /* core */ = {
			isa = PBXGroup;
			children = (
				62100B0E171523C90091046D /* TAAddressBookManager.h */,
				62100B0F171523C90091046D /* TAAddressBookManager.m */,
			);
			name = core;
			sourceTree = "<group>";
		};
		6288C3EF1713D18100B5C243 = {
			isa = PBXGroup;
			children = (
				6288C4041713D18200B5C243 /* True-adventure */,
				6288C3FD1713D18200B5C243 /* Frameworks */,
				6288C3FB1713D18200B5C243 /* Products */,
			);
			sourceTree = "<group>";
		};
		6288C3FB1713D18200B5C243 /* Products */ = {
			isa = PBXGroup;
			children = (
				6288C3FA1713D18100B5C243 /* True-adventure.app */,
			);
			name = Products;
			sourceTree = "<group>";
		};
		6288C3FD1713D18200B5C243 /* Frameworks */ = {
			isa = PBXGroup;
			children = (
				621360B51714618D00F5E476 /* AddressBookUI.framework */,
				621360B21714618600F5E476 /* AddressBook.framework */,
				6288C3FE1713D18200B5C243 /* UIKit.framework */,
				6288C4001713D18200B5C243 /* Foundation.framework */,
				6288C4021713D18200B5C243 /* CoreGraphics.framework */,
			);
			name = Frameworks;
			sourceTree = "<group>";
		};
		6288C4041713D18200B5C243 /* True-adventure */ = {
			isa = PBXGroup;
			children = (
				62100B1F171551990091046D /* util */,
				62100B1A17152F9F0091046D /* expands */,
				62100B16171524640091046D /* models */,
				621360B7171461A300F5E476 /* core */,
				6213609117144F6300F5E476 /* ui */,
				6288C40D1713D18200B5C243 /* TAAppDelegate.h */,
				6288C40E1713D18200B5C243 /* TAAppDelegate.m */,
				6288C4161713D18200B5C243 /* TAViewController.h */,
				6288C4171713D18200B5C243 /* TAViewController.m */,
				6288C4191713D18200B5C243 /* TAViewController.xib */,
				6288C4051713D18200B5C243 /* Supporting Files */,
			);
			path = "True-adventure";
			sourceTree = "<group>";
		};
		6288C4051713D18200B5C243 /* Supporting Files */ = {
			isa = PBXGroup;
			children = (
				6288C4061713D18200B5C243 /* True-adventure-Info.plist */,
				6288C4071713D18200B5C243 /* InfoPlist.strings */,
				6288C40A1713D18200B5C243 /* main.m */,
				6288C40C1713D18200B5C243 /* True-adventure-Prefix.pch */,
				6288C4101713D18200B5C243 /* Default.png */,
				6288C4121713D18200B5C243 /* Default@2x.png */,
				6288C4141713D18200B5C243 /* Default-568h@2x.png */,
			);
			name = "Supporting Files";
			sourceTree = "<group>";
		};
/* End PBXGroup section */

/* Begin PBXNativeTarget section */
		6288C3F91713D18100B5C243 /* True-adventure */ = {
			isa = PBXNativeTarget;
			buildConfigurationList = 6288C41E1713D18200B5C243 /* Build configuration list for PBXNativeTarget "True-adventure" */;
			buildPhases = (
				6288C3F61713D18100B5C243 /* Sources */,
				6288C3F71713D18100B5C243 /* Frameworks */,
				6288C3F81713D18100B5C243 /* Resources */,
			);
			buildRules = (
			);
			dependencies = (
			);
			name = "True-adventure";
			productName = "True-adventure";
			productReference = 6288C3FA1713D18100B5C243 /* True-adventure.app */;
			productType = "com.apple.product-type.application";
		};
/* End PBXNativeTarget section */

/* Begin PBXProject section */
		6288C3F11713D18100B5C243 /* Project object */ = {
			isa = PBXProject;
			attributes = {
				CLASSPREFIX = TA;
				LastUpgradeCheck = 0450;
				ORGANIZATIONNAME = Kingiol;
			};
			buildConfigurationList = 6288C3F41713D18100B5C243 /* Build configuration list for PBXProject "True-adventure" */;
			compatibilityVersion = "Xcode 3.2";
			developmentRegion = English;
			hasScannedForEncodings = 0;
			knownRegions = (
				en,
			);
			mainGroup = 6288C3EF1713D18100B5C243;
			productRefGroup = 6288C3FB1713D18200B5C243 /* Products */;
			projectDirPath = "";
			projectRoot = "";
			targets = (
				6288C3F91713D18100B5C243 /* True-adventure */,
			);
		};
/* End PBXProject section */

/* Begin PBXResourcesBuildPhase section */
		6288C3F81713D18100B5C243 /* Resources */ = {
			isa = PBXResourcesBuildPhase;
			buildActionMask = 2147483647;
			files = (
				6288C4091713D18200B5C243 /* InfoPlist.strings in Resources */,
				6288C4111713D18200B5C243 /* Default.png in Resources */,
				6288C4131713D18200B5C243 /* Default@2x.png in Resources */,
				6288C4151713D18200B5C243 /* Default-568h@2x.png in Resources */,
				6288C41B1713D18200B5C243 /* TAViewController.xib in Resources */,
				621360A01714565C00F5E476 /* TATrueViewController.xib in Resources */,
				621360A51714566B00F5E476 /* TAAdventureViewController.xib in Resources */,
			);
			runOnlyForDeploymentPostprocessing = 0;
		};
/* End PBXResourcesBuildPhase section */

/* Begin PBXSourcesBuildPhase section */
		6288C3F61713D18100B5C243 /* Sources */ = {
			isa = PBXSourcesBuildPhase;
			buildActionMask = 2147483647;
			files = (
				6288C40B1713D18200B5C243 /* main.m in Sources */,
				6288C40F1713D18200B5C243 /* TAAppDelegate.m in Sources */,
				6288C4181713D18200B5C243 /* TAViewController.m in Sources */,
				6213609617144F7F00F5E476 /* TAHomeViewController.m in Sources */,
				6213609F1714565C00F5E476 /* TATrueViewController.m in Sources */,
				621360A41714566B00F5E476 /* TAAdventureViewController.m in Sources */,
				62100B10171523C90091046D /* TAAddressBookManager.m in Sources */,
				62100B191715249E0091046D /* TAAddressBookVo.m in Sources */,
				62100B1E1715301F0091046D /* NSString+TAUtilities.m in Sources */,
				62100B22171551AF0091046D /* TAUtil.m in Sources */,
			);
			runOnlyForDeploymentPostprocessing = 0;
		};
/* End PBXSourcesBuildPhase section */

/* Begin PBXVariantGroup section */
		6288C4071713D18200B5C243 /* InfoPlist.strings */ = {
			isa = PBXVariantGroup;
			children = (
				6288C4081713D18200B5C243 /* en */,
			);
			name = InfoPlist.strings;
			sourceTree = "<group>";
		};
		6288C4191713D18200B5C243 /* TAViewController.xib */ = {
			isa = PBXVariantGroup;
			children = (
				6288C41A1713D18200B5C243 /* en */,
			);
			name = TAViewController.xib;
			sourceTree = "<group>";
		};
/* End PBXVariantGroup section */

/* Begin XCBuildConfiguration section */
		6288C41C1713D18200B5C243 /* Debug */ = {
			isa = XCBuildConfiguration;
			buildSettings = {
				ALWAYS_SEARCH_USER_PATHS = NO;
				CLANG_CXX_LANGUAGE_STANDARD = "gnu++0x";
				CLANG_CXX_LIBRARY = "libc++";
				CLANG_WARN_EMPTY_BODY = YES;
				CLANG_WARN__DUPLICATE_METHOD_MATCH = YES;
				"CODE_SIGN_IDENTITY[sdk=iphoneos*]" = "iPhone Developer";
				COPY_PHASE_STRIP = NO;
				GCC_C_LANGUAGE_STANDARD = gnu99;
				GCC_DYNAMIC_NO_PIC = NO;
				GCC_OPTIMIZATION_LEVEL = 0;
				GCC_PREPROCESSOR_DEFINITIONS = (
					"DEBUG=1",
					"$(inherited)",
				);
				GCC_SYMBOLS_PRIVATE_EXTERN = NO;
				GCC_WARN_ABOUT_RETURN_TYPE = YES;
				GCC_WARN_UNINITIALIZED_AUTOS = YES;
				GCC_WARN_UNUSED_VARIABLE = YES;
				IPHONEOS_DEPLOYMENT_TARGET = 6.0;
				ONLY_ACTIVE_ARCH = YES;
				SDKROOT = iphoneos;
			};
			name = Debug;
		};
		6288C41D1713D18200B5C243 /* Release */ = {
			isa = XCBuildConfiguration;
			buildSettings = {
				ALWAYS_SEARCH_USER_PATHS = NO;
				CLANG_CXX_LANGUAGE_STANDARD = "gnu++0x";
				CLANG_CXX_LIBRARY = "libc++";
				CLANG_WARN_EMPTY_BODY = YES;
				CLANG_WARN__DUPLICATE_METHOD_MATCH = YES;
				"CODE_SIGN_IDENTITY[sdk=iphoneos*]" = "iPhone Developer";
				COPY_PHASE_STRIP = YES;
				GCC_C_LANGUAGE_STANDARD = gnu99;
				GCC_WARN_ABOUT_RETURN_TYPE = YES;
				GCC_WARN_UNINITIALIZED_AUTOS = YES;
				GCC_WARN_UNUSED_VARIABLE = YES;
				IPHONEOS_DEPLOYMENT_TARGET = 6.0;
				OTHER_CFLAGS = "-DNS_BLOCK_ASSERTIONS=1";
				SDKROOT = iphoneos;
				VALIDATE_PRODUCT = YES;
			};
			name = Release;
		};
		6288C41F1713D18200B5C243 /* Debug */ = {
			isa = XCBuildConfiguration;
			buildSettings = {
				GCC_PRECOMPILE_PREFIX_HEADER = YES;
				GCC_PREFIX_HEADER = "True-adventure/True-adventure-Prefix.pch";
				INFOPLIST_FILE = "True-adventure/True-adventure-Info.plist";
				PRODUCT_NAME = "$(TARGET_NAME)";
				WRAPPER_EXTENSION = app;
			};
			name = Debug;
		};
		6288C4201713D18200B5C243 /* Release */ = {
			isa = XCBuildConfiguration;
			buildSettings = {
				GCC_PRECOMPILE_PREFIX_HEADER = YES;
				GCC_PREFIX_HEADER = "True-adventure/True-adventure-Prefix.pch";
				INFOPLIST_FILE = "True-adventure/True-adventure-Info.plist";
				PRODUCT_NAME = "$(TARGET_NAME)";
				WRAPPER_EXTENSION = app;
			};
			name = Release;
		};
/* End XCBuildConfiguration section */

/* Begin XCConfigurationList section */
		6288C3F41713D18100B5C243 /* Build configuration list for PBXProject "True-adventure" */ = {
			isa = XCConfigurationList;
			buildConfigurations = (
				6288C41C1713D18200B5C243 /* Debug */,
				6288C41D1713D18200B5C243 /* Release */,
			);
			defaultConfigurationIsVisible = 0;
			defaultConfigurationName = Release;
		};
		6288C41E1713D18200B5C243 /* Build configuration list for PBXNativeTarget "True-adventure" */ = {
			isa = XCConfigurationList;
			buildConfigurations = (
				6288C41F1713D18200B5C243 /* Debug */,
				6288C4201713D18200B5C243 /* Release */,
			);
			defaultConfigurationIsVisible = 0;
			defaultConfigurationName = Release;
		};
/* End XCConfigurationList section */
	};
	rootObject = 6288C3F11713D18100B5C243 /* Project object */;
}
